Microsoft Visual Studio Solution File, Format Version 12.00
# Visual Studio Version 17
VisualStudioVersion = 17.0.31903.59
MinimumVisualStudioVersion = 10.0.40219.1
Project("{FAE04EC0-301F-11D3-BF4B-00C04F79EFBC}") = "DotUML.CLI", "DotUML.CLI\DotUML.CLI.csproj", "{54267141-356A-4609-988F-C93E9277BA38}"
EndProject
Project("{FAE04EC0-301F-11D3-BF4B-00C04F79EFBC}") = "DotUML.Tests", "tests\DotUML.Tests\DotUML.Tests.csproj", "{A1B2C3D4-E5F6-7890-1234-56789ABCDEF0}"
EndProject
Project("{2150E333-8FDC-42A3-9474-1A3956D46DE8}") = "Solution Items", "Solution Items", "{089100B1-113F-4E66-888A-E83F3999EAFD}"
	ProjectSection(SolutionItems) = preProject
		.editorconfig = .editorconfig
	EndProjectSection
EndProject
Global
	GlobalSection(SolutionConfigurationPlatforms) = preSolution
		Debug|Any CPU = Debug|Any CPU
		Release|Any CPU = Release|Any CPU
	EndGlobalSection
	GlobalSection(ProjectConfigurationPlatforms) = postSolution
		{54267141-356A-4609-988F-C93E9277BA38}.Debug|Any CPU.ActiveCfg = Debug|Any CPU
		{54267141-356A-4609-988F-C93E9277BA38}.Debug|Any CPU.Build.0 = Debug|Any CPU
		{54267141-356A-4609-988F-C93E9277BA38}.Release|Any CPU.ActiveCfg = Release|Any CPU
		{54267141-356A-4609-988F-C93E9277BA38}.Release|Any CPU.Build.0 = Release|Any CPU
		{A1B2C3D4-E5F6-7890-1234-56789ABCDEF0}.Debug|Any CPU.ActiveCfg = Debug|Any CPU
		{A1B2C3D4-E5F6-7890-1234-56789ABCDEF0}.Debug|Any CPU.Build.0 = Debug|Any CPU
		{A1B2C3D4-E5F6-7890-1234-56789ABCDEF0}.Release|Any CPU.ActiveCfg = Release|Any CPU
		{A1B2C3D4-E5F6-7890-1234-56789ABCDEF0}.Release|Any CPU.Build.0 = Release|Any CPU
	EndGlobalSection
	GlobalSection(SolutionProperties) = preSolution
		HideSolutionNode = FALSE
	EndGlobalSection
EndGlobal
