
Microsoft Visual Studio Solution File, Format Version 12.00
# Visual Studio Version 17
VisualStudioVersion = 17.0.31903.59
MinimumVisualStudioVersion = 10.0.40219.1
Project("{2150E333-8FDC-42A3-9474-1A3956D46DE8}") = "Solution Items", "Solution Items", "{089100B1-113F-4E66-888A-E83F3999EAFD}"
	ProjectSection(SolutionItems) = preProject
		.editorconfig = .editorconfig
	EndProjectSection
EndProject
Project("{2150E333-8FDC-42A3-9474-1A3956D46DE8}") = "src", "src", "{2D5BCD48-C789-4A77-AFCA-8F9040759D38}"
EndProject
Project("{FAE04EC0-301F-11D3-BF4B-00C04F79EFBC}") = "DotUML.CLI", "src\DotUML.CLI\DotUML.CLI.csproj", "{288290C1-1E71-4273-B765-68DDEF6A3183}"
EndProject
Project("{2150E333-8FDC-42A3-9474-1A3956D46DE8}") = "tests", "tests", "{27237E21-E678-4241-961A-056A5B07DB2C}"
EndProject
Project("{FAE04EC0-301F-11D3-BF4B-00C04F79EFBC}") = "DotUML.Tests", "tests\DotUML.Tests\DotUML.Tests.csproj", "{DFEAE801-4C34-4EE9-A0A5-BEEFF5669A53}"
EndProject
Global
	GlobalSection(SolutionConfigurationPlatforms) = preSolution
		Debug|Any CPU = Debug|Any CPU
		Release|Any CPU = Release|Any CPU
	EndGlobalSection
	GlobalSection(ProjectConfigurationPlatforms) = postSolution
		{288290C1-1E71-4273-B765-68DDEF6A3183}.Debug|Any CPU.ActiveCfg = Debug|Any CPU
		{288290C1-1E71-4273-B765-68DDEF6A3183}.Debug|Any CPU.Build.0 = Debug|Any CPU
		{288290C1-1E71-4273-B765-68DDEF6A3183}.Release|Any CPU.ActiveCfg = Release|Any CPU
		{288290C1-1E71-4273-B765-68DDEF6A3183}.Release|Any CPU.Build.0 = Release|Any CPU
		{DFEAE801-4C34-4EE9-A0A5-BEEFF5669A53}.Debug|Any CPU.ActiveCfg = Debug|Any CPU
		{DFEAE801-4C34-4EE9-A0A5-BEEFF5669A53}.Debug|Any CPU.Build.0 = Debug|Any CPU
		{DFEAE801-4C34-4EE9-A0A5-BEEFF5669A53}.Release|Any CPU.ActiveCfg = Release|Any CPU
		{DFEAE801-4C34-4EE9-A0A5-BEEFF5669A53}.Release|Any CPU.Build.0 = Release|Any CPU
	EndGlobalSection
	GlobalSection(SolutionProperties) = preSolution
		HideSolutionNode = FALSE
	EndGlobalSection
	GlobalSection(NestedProjects) = preSolution
		{288290C1-1E71-4273-B765-68DDEF6A3183} = {2D5BCD48-C789-4A77-AFCA-8F9040759D38}
		{DFEAE801-4C34-4EE9-A0A5-BEEFF5669A53} = {27237E21-E678-4241-961A-056A5B07DB2C}
	EndGlobalSection
EndGlobal
